
Microsoft Visual Studio Solution File, Format Version 12.00
# Visual Studio Version 17
VisualStudioVersion = 17.0.31903.59
MinimumVisualStudioVersion = 10.0.40219.1
Project("{FAE04EC0-301F-11D3-BF4B-00C04F79EFBC}") = "LaserScopeCritChance", "LaserScopeCritChance\LaserScopeCritChance.csproj", "{5DD803C7-1009-40BB-BADE-457910B27F35}"
EndProject
Global
	GlobalSection(SolutionConfigurationPlatforms) = preSolution
		Debug|Any CPU = Debug|Any CPU
		Release|Any CPU = Release|Any CPU
	EndGlobalSection
	GlobalSection(SolutionProperties) = preSolution
		HideSolutionNode = FALSE
	EndGlobalSection
	GlobalSection(ProjectConfigurationPlatforms) = postSolution
		{5DD803C7-1009-40BB-BADE-457910B27F35}.Debug|Any CPU.ActiveCfg = Debug|Any CPU
		{5DD803C7-1009-40BB-BADE-457910B27F35}.Debug|Any CPU.Build.0 = Debug|Any CPU
		{5DD803C7-1009-40BB-BADE-457910B27F35}.Release|Any CPU.ActiveCfg = Release|Any CPU
		{5DD803C7-1009-40BB-BADE-457910B27F35}.Release|Any CPU.Build.0 = Release|Any CPU
	EndGlobalSection
EndGlobal
